<?xml version="1.0" encoding="utf-8"?>
<Project ToolsVersion="4.0" xmlns="http://schemas.microsoft.com/developer/msbuild/2003">
  <ItemGroup>
    <Filter Include="Source Files">
      <UniqueIdentifier>{299389f7-5e24-44ae-a9d8-122e26f2cd80}</UniqueIdentifier>
      <Extensions>c</Extensions>
    </Filter>
    <Filter Include="Header Files">
      <UniqueIdentifier>{5aa9ea81-2927-4f4e-8db0-23f5e9ee164b}</UniqueIdentifier>
      <Extensions>h</Extensions>
    </Filter>
  </ItemGroup>
  <ItemGroup>
    <ClCompile Include="lauxlib.c">
      <Filter>Source Files</Filter>
    </ClCompile>
    <ClCompile Include="lbaselib.c">
      <Filter>Source Files</Filter>
    </ClCompile>
    <ClCompile Include="ldblib.c">
      <Filter>Source Files</Filter>
    </ClCompile>
    <ClCompile Include="liolib.c">
      <Filter>Source Files</Filter>
    </ClCompile>
    <ClCompile Include="lmathlib.c">
      <Filter>Source Files</Filter>
    </ClCompile>
    <ClCompile Include="loadlib.c">
      <Filter>Source Files</Filter>
    </ClCompile>
    <ClCompile Include="lstrlib.c">
      <Filter>Source Files</Filter>
    </ClCompile>
    <ClCompile Include="ltablib.c">
      <Filter>Source Files</Filter>
    </ClCompile>
  </ItemGroup>
</Project>