
Microsoft Visual Studio Solution File, Format Version 12.00
# Visual Studio Version 16
VisualStudioVersion = 16.0.29806.167
MinimumVisualStudioVersion = 10.0.40219.1
Project("{8BC9CEB8-8B4A-11D0-8D11-00A0C91BC942}") = "StepMania", "StepMania.vcxproj", "{670745A6-106B-420D-A2A9-D4F89A23986E}"
	ProjectSection(ProjectDependencies) = postProject
		{6638853C-3917-4C93-8D91-E2A8F46174C3} = {6638853C-3917-4C93-8D91-E2A8F46174C3}
		{9A223CAC-3D10-4732-ACC6-88ABAC0497AE} = {9A223CAC-3D10-4732-ACC6-88ABAC0497AE}
		{8862E5F9-14E9-4EA2-9298-CD990460878A} = {8862E5F9-14E9-4EA2-9298-CD990460878A}
	EndProjectSection
EndProject
Project("{8BC9CEB8-8B4A-11D0-8D11-00A0C91BC942}") = "LibLua", "ThirdParty_rebuild\lua-5.0\src\LibLua.vcxproj", "{6638853C-3917-4C93-8D91-E2A8F46174C3}"
EndProject
Project("{8BC9CEB8-8B4A-11D0-8D11-00A0C91BC942}") = "LibLuaLib", "ThirdParty_rebuild\lua-5.0\src\lib\LibLuaLib.vcxproj", "{8862E5F9-14E9-4EA2-9298-CD990460878A}"
EndProject
Project("{8BC9CEB8-8B4A-11D0-8D11-00A0C91BC942}") = "SDLmain_mkluo", "ThirdParty_rebuild\SDL-1.2.6\VisualC\SDKmain_mkluo\SDKmain_mkluo.vcxproj", "{9A223CAC-3D10-4732-ACC6-88ABAC0497AE}"
EndProject
Global
	GlobalSection(SolutionConfigurationPlatforms) = preSolution
		Debug|x86 = Debug|x86
		Release|x86 = Release|x86
	EndGlobalSection
	GlobalSection(ProjectConfigurationPlatforms) = postSolution
		{670745A6-106B-420D-A2A9-D4F89A23986E}.Debug|x86.ActiveCfg = Debug|Win32
		{670745A6-106B-420D-A2A9-D4F89A23986E}.Debug|x86.Build.0 = Debug|Win32
		{670745A6-106B-420D-A2A9-D4F89A23986E}.Release|x86.ActiveCfg = Release|Win32
		{670745A6-106B-420D-A2A9-D4F89A23986E}.Release|x86.Build.0 = Release|Win32
		{6638853C-3917-4C93-8D91-E2A8F46174C3}.Debug|x86.ActiveCfg = Release|Win32
		{6638853C-3917-4C93-8D91-E2A8F46174C3}.Debug|x86.Build.0 = Release|Win32
		{6638853C-3917-4C93-8D91-E2A8F46174C3}.Release|x86.ActiveCfg = Release|Win32
		{6638853C-3917-4C93-8D91-E2A8F46174C3}.Release|x86.Build.0 = Release|Win32
		{8862E5F9-14E9-4EA2-9298-CD990460878A}.Debug|x86.ActiveCfg = Release|Win32
		{8862E5F9-14E9-4EA2-9298-CD990460878A}.Debug|x86.Build.0 = Release|Win32
		{8862E5F9-14E9-4EA2-9298-CD990460878A}.Release|x86.ActiveCfg = Release|Win32
		{8862E5F9-14E9-4EA2-9298-CD990460878A}.Release|x86.Build.0 = Release|Win32
		{9A223CAC-3D10-4732-ACC6-88ABAC0497AE}.Debug|x86.ActiveCfg = Debug|Win32
		{9A223CAC-3D10-4732-ACC6-88ABAC0497AE}.Debug|x86.Build.0 = Debug|Win32
		{9A223CAC-3D10-4732-ACC6-88ABAC0497AE}.Release|x86.ActiveCfg = Release|Win32
		{9A223CAC-3D10-4732-ACC6-88ABAC0497AE}.Release|x86.Build.0 = Release|Win32
	EndGlobalSection
	GlobalSection(SolutionProperties) = preSolution
		HideSolutionNode = FALSE
	EndGlobalSection
	GlobalSection(ExtensibilityGlobals) = postSolution
		SolutionGuid = {5B9292C1-DED4-4B45-B324-ABFA1AB14220}
	EndGlobalSection
EndGlobal
